
Microsoft Visual Studio Solution File, Format Version 12.00
# Visual Studio Version 16
VisualStudioVersion = 16.0.31729.503
MinimumVisualStudioVersion = 10.0.40219.1
Project("{FAE04EC0-301F-11D3-BF4B-00C04F79EFBC}") = "asp-razor-movies", "asp-razor-movies\asp-razor-movies.csproj", "{BA02C1B8-7876-40AF-B19C-1AD687831D10}"
EndProject
Global
	GlobalSection(SolutionConfigurationPlatforms) = preSolution
		Debug|Any CPU = Debug|Any CPU
		Release|Any CPU = Release|Any CPU
	EndGlobalSection
	GlobalSection(ProjectConfigurationPlatforms) = postSolution
		{BA02C1B8-7876-40AF-B19C-1AD687831D10}.Debug|Any CPU.ActiveCfg = Debug|Any CPU
		{BA02C1B8-7876-40AF-B19C-1AD687831D10}.Debug|Any CPU.Build.0 = Debug|Any CPU
		{BA02C1B8-7876-40AF-B19C-1AD687831D10}.Release|Any CPU.ActiveCfg = Release|Any CPU
		{BA02C1B8-7876-40AF-B19C-1AD687831D10}.Release|Any CPU.Build.0 = Release|Any CPU
	EndGlobalSection
	GlobalSection(SolutionProperties) = preSolution
		HideSolutionNode = FALSE
	EndGlobalSection
	GlobalSection(ExtensibilityGlobals) = postSolution
		SolutionGuid = {11E55833-C088-49DF-9B16-E5ABDC913E80}
	EndGlobalSection
EndGlobal
